// !$*UTF8*$!
{
	archiveVersion = 1;
	classes = {
	};
	objectVersion = 46;
	objects = {

/* Begin PBXBuildFile section */
		40C0E4AB1A5F59A00077C21B /* Tweet_Cell.xib in Resources */ = {isa = PBXBuildFile; fileRef = 40C0E4AA1A5F59A00077C21B /* Tweet_Cell.xib */; };
		40C0E4AF1A5F5D7A0077C21B /* Main.storyboard in Resources */ = {isa = PBXBuildFile; fileRef = 40C0E4AE1A5F5D7A0077C21B /* Main.storyboard */; };
		40C0E4B51A5FA2590077C21B /* TweetUserViewController.swift in Sources */ = {isa = PBXBuildFile; fileRef = 40C0E4B41A5FA2590077C21B /* TweetUserViewController.swift */; };
		40CBEA561A606FD100F53798 /* readme in Resources */ = {isa = PBXBuildFile; fileRef = 40CBEA551A606FD100F53798 /* readme */; };
		40D038AF1A6225E3008ED422 /* user banner json in Resources */ = {isa = PBXBuildFile; fileRef = 40D038AE1A6225E3008ED422 /* user banner json */; };
		40FEC1821A5C7FBD003E042B /* AppDelegate.swift in Sources */ = {isa = PBXBuildFile; fileRef = 40FEC1811A5C7FBD003E042B /* AppDelegate.swift */; };
		40FEC1841A5C7FBD003E042B /* ViewController.swift in Sources */ = {isa = PBXBuildFile; fileRef = 40FEC1831A5C7FBD003E042B /* ViewController.swift */; };
		40FEC1891A5C7FBD003E042B /* Images.xcassets in Resources */ = {isa = PBXBuildFile; fileRef = 40FEC1881A5C7FBD003E042B /* Images.xcassets */; };
		40FEC18C1A5C7FBD003E042B /* LaunchScreen.xib in Resources */ = {isa = PBXBuildFile; fileRef = 40FEC18A1A5C7FBD003E042B /* LaunchScreen.xib */; };
		40FEC1981A5C7FBD003E042B /* TweetacularTests.swift in Sources */ = {isa = PBXBuildFile; fileRef = 40FEC1971A5C7FBD003E042B /* TweetacularTests.swift */; };
		40FEC1AF1A5DA6A5003E042B /* TweetCell.swift in Sources */ = {isa = PBXBuildFile; fileRef = 40FEC1AE1A5DA6A5003E042B /* TweetCell.swift */; };
		40FEC1B11A5DA7FA003E042B /* Tweet.swift in Sources */ = {isa = PBXBuildFile; fileRef = 40FEC1B01A5DA7FA003E042B /* Tweet.swift */; };
		40FEC1B51A5DD9AA003E042B /* NetworkController.swift in Sources */ = {isa = PBXBuildFile; fileRef = 40FEC1B41A5DD9AA003E042B /* NetworkController.swift */; };
		40FEC1B91A5DFD41003E042B /* TweetViewController.swift in Sources */ = {isa = PBXBuildFile; fileRef = 40FEC1B81A5DFD41003E042B /* TweetViewController.swift */; };
/* End PBXBuildFile section */

/* Begin PBXContainerItemProxy section */
		40FEC1921A5C7FBD003E042B /* PBXContainerItemProxy */ = {
			isa = PBXContainerItemProxy;
			containerPortal = 40FEC1741A5C7FBD003E042B /* Project object */;
			proxyType = 1;
			remoteGlobalIDString = 40FEC17B1A5C7FBD003E042B;
			remoteInfo = Tweetacular;
		};
/* End PBXContainerItemProxy section */

/* Begin PBXFileReference section */
		40C0E4AA1A5F59A00077C21B /* Tweet_Cell.xib */ = {isa = PBXFileReference; fileEncoding = 4; lastKnownFileType = file.xib; path = Tweet_Cell.xib; sourceTree = "<group>"; };
		40C0E4AE1A5F5D7A0077C21B /* Main.storyboard */ = {isa = PBXFileReference; fileEncoding = 4; lastKnownFileType = file.storyboard; path = Main.storyboard; sourceTree = "<group>"; };
		40C0E4B41A5FA2590077C21B /* TweetUserViewController.swift */ = {isa = PBXFileReference; fileEncoding = 4; lastKnownFileType = sourcecode.swift; path = TweetUserViewController.swift; sourceTree = "<group>"; };
		40CBEA551A606FD100F53798 /* readme */ = {isa = PBXFileReference; fileEncoding = 4; lastKnownFileType = text; path = readme; sourceTree = "<group>"; };
		40D038AE1A6225E3008ED422 /* user banner json */ = {isa = PBXFileReference; fileEncoding = 4; lastKnownFileType = text; path = "user banner json"; sourceTree = "<group>"; };
		40D038B01A623F5D008ED422 /* stacktacular.playground */ = {isa = PBXFileReference; lastKnownFileType = file.playground; path = stacktacular.playground; sourceTree = "<group>"; };
		40FEC17C1A5C7FBD003E042B /* Tweetacular.app */ = {isa = PBXFileReference; explicitFileType = wrapper.application; includeInIndex = 0; path = Tweetacular.app; sourceTree = BUILT_PRODUCTS_DIR; };
		40FEC1801A5C7FBD003E042B /* Info.plist */ = {isa = PBXFileReference; lastKnownFileType = text.plist.xml; path = Info.plist; sourceTree = "<group>"; };
		40FEC1811A5C7FBD003E042B /* AppDelegate.swift */ = {isa = PBXFileReference; lastKnownFileType = sourcecode.swift; path = AppDelegate.swift; sourceTree = "<group>"; };
		40FEC1831A5C7FBD003E042B /* ViewController.swift */ = {isa = PBXFileReference; lastKnownFileType = sourcecode.swift; path = ViewController.swift; sourceTree = "<group>"; };
		40FEC1881A5C7FBD003E042B /* Images.xcassets */ = {isa = PBXFileReference; lastKnownFileType = folder.assetcatalog; path = Images.xcassets; sourceTree = "<group>"; };
		40FEC18B1A5C7FBD003E042B /* Base */ = {isa = PBXFileReference; lastKnownFileType = file.xib; name = Base; path = Base.lproj/LaunchScreen.xib; sourceTree = "<group>"; };
		40FEC1911A5C7FBD003E042B /* TweetacularTests.xctest */ = {isa = PBXFileReference; explicitFileType = wrapper.cfbundle; includeInIndex = 0; path = TweetacularTests.xctest; sourceTree = BUILT_PRODUCTS_DIR; };
		40FEC1961A5C7FBD003E042B /* Info.plist */ = {isa = PBXFileReference; lastKnownFileType = text.plist.xml; path = Info.plist; sourceTree = "<group>"; };
		40FEC1971A5C7FBD003E042B /* TweetacularTests.swift */ = {isa = PBXFileReference; lastKnownFileType = sourcecode.swift; path = TweetacularTests.swift; sourceTree = "<group>"; };
		40FEC1AE1A5DA6A5003E042B /* TweetCell.swift */ = {isa = PBXFileReference; fileEncoding = 4; lastKnownFileType = sourcecode.swift; path = TweetCell.swift; sourceTree = "<group>"; };
		40FEC1B01A5DA7FA003E042B /* Tweet.swift */ = {isa = PBXFileReference; fileEncoding = 4; lastKnownFileType = sourcecode.swift; path = Tweet.swift; sourceTree = "<group>"; };
		40FEC1B41A5DD9AA003E042B /* NetworkController.swift */ = {isa = PBXFileReference; fileEncoding = 4; lastKnownFileType = sourcecode.swift; path = NetworkController.swift; sourceTree = "<group>"; };
		40FEC1B81A5DFD41003E042B /* TweetViewController.swift */ = {isa = PBXFileReference; fileEncoding = 4; lastKnownFileType = sourcecode.swift; path = TweetViewController.swift; sourceTree = "<group>"; };
/* End PBXFileReference section */

/* Begin PBXFrameworksBuildPhase section */
		40FEC1791A5C7FBD003E042B /* Frameworks */ = {
			isa = PBXFrameworksBuildPhase;
			buildActionMask = 2147483647;
			files = (
			);
			runOnlyForDeploymentPostprocessing = 0;
		};
		40FEC18E1A5C7FBD003E042B /* Frameworks */ = {
			isa = PBXFrameworksBuildPhase;
			buildActionMask = 2147483647;
			files = (
			);
			runOnlyForDeploymentPostprocessing = 0;
		};
/* End PBXFrameworksBuildPhase section */

/* Begin PBXGroup section */
		40FEC1731A5C7FBD003E042B = {
			isa = PBXGroup;
			children = (
				40FEC17E1A5C7FBD003E042B /* Tweetacular */,
				40FEC1941A5C7FBD003E042B /* TweetacularTests */,
				40FEC17D1A5C7FBD003E042B /* Products */,
			);
			sourceTree = "<group>";
		};
		40FEC17D1A5C7FBD003E042B /* Products */ = {
			isa = PBXGroup;
			children = (
				40FEC17C1A5C7FBD003E042B /* Tweetacular.app */,
				40FEC1911A5C7FBD003E042B /* TweetacularTests.xctest */,
			);
			name = Products;
			sourceTree = "<group>";
		};
		40FEC17E1A5C7FBD003E042B /* Tweetacular */ = {
			isa = PBXGroup;
			children = (
				40FEC1A31A5C86AD003E042B /* Controller Layer */,
				40FEC1A21A5C86A1003E042B /* Model Layer */,
				40FEC1A11A5C8696003E042B /* View Layer */,
				40FEC17F1A5C7FBD003E042B /* Supporting Files */,
				40CBEA551A606FD100F53798 /* readme */,
				40D038B01A623F5D008ED422 /* stacktacular.playground */,
			);
			path = Tweetacular;
			sourceTree = "<group>";
		};
		40FEC17F1A5C7FBD003E042B /* Supporting Files */ = {
			isa = PBXGroup;
			children = (
				40FEC1801A5C7FBD003E042B /* Info.plist */,
				40D038AE1A6225E3008ED422 /* user banner json */,
			);
			name = "Supporting Files";
			sourceTree = "<group>";
		};
		40FEC1941A5C7FBD003E042B /* TweetacularTests */ = {
			isa = PBXGroup;
			children = (
				40FEC1971A5C7FBD003E042B /* TweetacularTests.swift */,
				40FEC1951A5C7FBD003E042B /* Supporting Files */,
			);
			path = TweetacularTests;
			sourceTree = "<group>";
		};
		40FEC1951A5C7FBD003E042B /* Supporting Files */ = {
			isa = PBXGroup;
			children = (
				40FEC1961A5C7FBD003E042B /* Info.plist */,
			);
			name = "Supporting Files";
			sourceTree = "<group>";
		};
		40FEC1A11A5C8696003E042B /* View Layer */ = {
			isa = PBXGroup;
			children = (
				40C0E4AE1A5F5D7A0077C21B /* Main.storyboard */,
				40FEC1AE1A5DA6A5003E042B /* TweetCell.swift */,
				40FEC18A1A5C7FBD003E042B /* LaunchScreen.xib */,
				40FEC1881A5C7FBD003E042B /* Images.xcassets */,
				40C0E4AA1A5F59A00077C21B /* Tweet_Cell.xib */,
			);
			name = "View Layer";
			sourceTree = "<group>";
		};
		40FEC1A21A5C86A1003E042B /* Model Layer */ = {
			isa = PBXGroup;
			children = (
				40FEC1B01A5DA7FA003E042B /* Tweet.swift */,
			);
			name = "Model Layer";
			sourceTree = "<group>";
		};
		40FEC1A31A5C86AD003E042B /* Controller Layer */ = {
			isa = PBXGroup;
			children = (
				40FEC1831A5C7FBD003E042B /* ViewController.swift */,
				40FEC1811A5C7FBD003E042B /* AppDelegate.swift */,
				40FEC1B41A5DD9AA003E042B /* NetworkController.swift */,
				40FEC1B81A5DFD41003E042B /* TweetViewController.swift */,
				40C0E4B41A5FA2590077C21B /* TweetUserViewController.swift */,
			);
			name = "Controller Layer";
			sourceTree = "<group>";
		};
/* End PBXGroup section */

/* Begin PBXNativeTarget section */
		40FEC17B1A5C7FBD003E042B /* Tweetacular */ = {
			isa = PBXNativeTarget;
			buildConfigurationList = 40FEC19B1A5C7FBD003E042B /* Build configuration list for PBXNativeTarget "Tweetacular" */;
			buildPhases = (
				40FEC1781A5C7FBD003E042B /* Sources */,
				40FEC1791A5C7FBD003E042B /* Frameworks */,
				40FEC17A1A5C7FBD003E042B /* Resources */,
			);
			buildRules = (
			);
			dependencies = (
			);
			name = Tweetacular;
			productName = Tweetacular;
			productReference = 40FEC17C1A5C7FBD003E042B /* Tweetacular.app */;
			productType = "com.apple.product-type.application";
		};
		40FEC1901A5C7FBD003E042B /* TweetacularTests */ = {
			isa = PBXNativeTarget;
			buildConfigurationList = 40FEC19E1A5C7FBD003E042B /* Build configuration list for PBXNativeTarget "TweetacularTests" */;
			buildPhases = (
				40FEC18D1A5C7FBD003E042B /* Sources */,
				40FEC18E1A5C7FBD003E042B /* Frameworks */,
				40FEC18F1A5C7FBD003E042B /* Resources */,
			);
			buildRules = (
			);
			dependencies = (
				40FEC1931A5C7FBD003E042B /* PBXTargetDependency */,
			);
			name = TweetacularTests;
			productName = TweetacularTests;
			productReference = 40FEC1911A5C7FBD003E042B /* TweetacularTests.xctest */;
			productType = "com.apple.product-type.bundle.unit-test";
		};
/* End PBXNativeTarget section */

/* Begin PBXProject section */
		40FEC1741A5C7FBD003E042B /* Project object */ = {
			isa = PBXProject;
			attributes = {
				LastUpgradeCheck = 0610;
				ORGANIZATIONNAME = "Eric Mentele";
				TargetAttributes = {
					40FEC17B1A5C7FBD003E042B = {
						CreatedOnToolsVersion = 6.1.1;
					};
					40FEC1901A5C7FBD003E042B = {
						CreatedOnToolsVersion = 6.1.1;
						TestTargetID = 40FEC17B1A5C7FBD003E042B;
					};
				};
			};
			buildConfigurationList = 40FEC1771A5C7FBD003E042B /* Build configuration list for PBXProject "Tweetacular" */;
			compatibilityVersion = "Xcode 3.2";
			developmentRegion = English;
			hasScannedForEncodings = 0;
			knownRegions = (
				en,
				Base,
			);
			mainGroup = 40FEC1731A5C7FBD003E042B;
			productRefGroup = 40FEC17D1A5C7FBD003E042B /* Products */;
			projectDirPath = "";
			projectRoot = "";
			targets = (
				40FEC17B1A5C7FBD003E042B /* Tweetacular */,
				40FEC1901A5C7FBD003E042B /* TweetacularTests */,
			);
		};
/* End PBXProject section */

/* Begin PBXResourcesBuildPhase section */
		40FEC17A1A5C7FBD003E042B /* Resources */ = {
			isa = PBXResourcesBuildPhase;
			buildActionMask = 2147483647;
			files = (
				40CBEA561A606FD100F53798 /* readme in Resources */,
				40C0E4AF1A5F5D7A0077C21B /* Main.storyboard in Resources */,
				40C0E4AB1A5F59A00077C21B /* Tweet_Cell.xib in Resources */,
				40FEC18C1A5C7FBD003E042B /* LaunchScreen.xib in Resources */,
				40FEC1891A5C7FBD003E042B /* Images.xcassets in Resources */,
				40D038AF1A6225E3008ED422 /* user banner json in Resources */,
			);
			runOnlyForDeploymentPostprocessing = 0;
		};
		40FEC18F1A5C7FBD003E042B /* Resources */ = {
			isa = PBXResourcesBuildPhase;
			buildActionMask = 2147483647;
			files = (
			);
			runOnlyForDeploymentPostprocessing = 0;
		};
/* End PBXResourcesBuildPhase section */

/* Begin PBXSourcesBuildPhase section */
		40FEC1781A5C7FBD003E042B /* Sources */ = {
			isa = PBXSourcesBuildPhase;
			buildActionMask = 2147483647;
			files = (
				40FEC1841A5C7FBD003E042B /* ViewController.swift in Sources */,
				40FEC1821A5C7FBD003E042B /* AppDelegate.swift in Sources */,
				40FEC1B51A5DD9AA003E042B /* NetworkController.swift in Sources */,
				40FEC1B91A5DFD41003E042B /* TweetViewController.swift in Sources */,
				40FEC1AF1A5DA6A5003E042B /* TweetCell.swift in Sources */,
				40FEC1B11A5DA7FA003E042B /* Tweet.swift in Sources */,
				40C0E4B51A5FA2590077C21B /* TweetUserViewController.swift in Sources */,
			);
			runOnlyForDeploymentPostprocessing = 0;
		};
		40FEC18D1A5C7FBD003E042B /* Sources */ = {
			isa = PBXSourcesBuildPhase;
			buildActionMask = 2147483647;
			files = (
				40FEC1981A5C7FBD003E042B /* TweetacularTests.swift in Sources */,
			);
			runOnlyForDeploymentPostprocessing = 0;
		};
/* End PBXSourcesBuildPhase section */

/* Begin PBXTargetDependency section */
		40FEC1931A5C7FBD003E042B /* PBXTargetDependency */ = {
			isa = PBXTargetDependency;
			target = 40FEC17B1A5C7FBD003E042B /* Tweetacular */;
			targetProxy = 40FEC1921A5C7FBD003E042B /* PBXContainerItemProxy */;
		};
/* End PBXTargetDependency section */

/* Begin PBXVariantGroup section */
		40FEC18A1A5C7FBD003E042B /* LaunchScreen.xib */ = {
			isa = PBXVariantGroup;
			children = (
				40FEC18B1A5C7FBD003E042B /* Base */,
			);
			name = LaunchScreen.xib;
			sourceTree = "<group>";
		};
/* End PBXVariantGroup section */

/* Begin XCBuildConfiguration section */
		40FEC1991A5C7FBD003E042B /* Debug */ = {
			isa = XCBuildConfiguration;
			buildSettings = {
				ALWAYS_SEARCH_USER_PATHS = NO;
				CLANG_CXX_LANGUAGE_STANDARD = "gnu++0x";
				CLANG_CXX_LIBRARY = "libc++";
				CLANG_ENABLE_MODULES = YES;
				CLANG_ENABLE_OBJC_ARC = YES;
				CLANG_WARN_BOOL_CONVERSION = YES;
				CLANG_WARN_CONSTANT_CONVERSION = YES;
				CLANG_WARN_DIRECT_OBJC_ISA_USAGE = YES_ERROR;
				CLANG_WARN_EMPTY_BODY = YES;
				CLANG_WARN_ENUM_CONVERSION = YES;
				CLANG_WARN_INT_CONVERSION = YES;
				CLANG_WARN_OBJC_ROOT_CLASS = YES_ERROR;
				CLANG_WARN_UNREACHABLE_CODE = YES;
				CLANG_WARN__DUPLICATE_METHOD_MATCH = YES;
				"CODE_SIGN_IDENTITY[sdk=iphoneos*]" = "iPhone Developer";
				COPY_PHASE_STRIP = NO;
				ENABLE_STRICT_OBJC_MSGSEND = YES;
				GCC_C_LANGUAGE_STANDARD = gnu99;
				GCC_DYNAMIC_NO_PIC = NO;
				GCC_OPTIMIZATION_LEVEL = 0;
				GCC_PREPROCESSOR_DEFINITIONS = (
					"DEBUG=1",
					"$(inherited)",
				);
				GCC_SYMBOLS_PRIVATE_EXTERN = NO;
				GCC_WARN_64_TO_32_BIT_CONVERSION = YES;
				GCC_WARN_ABOUT_RETURN_TYPE = YES_ERROR;
				GCC_WARN_UNDECLARED_SELECTOR = YES;
				GCC_WARN_UNINITIALIZED_AUTOS = YES_AGGRESSIVE;
				GCC_WARN_UNUSED_FUNCTION = YES;
				GCC_WARN_UNUSED_VARIABLE = YES;
				IPHONEOS_DEPLOYMENT_TARGET = 8.1;
				MTL_ENABLE_DEBUG_INFO = YES;
				ONLY_ACTIVE_ARCH = YES;
				SDKROOT = iphoneos;
				SWIFT_OPTIMIZATION_LEVEL = "-Onone";
			};
			name = Debug;
		};
		40FEC19A1A5C7FBD003E042B /* Release */ = {
			isa = XCBuildConfiguration;
			buildSettings = {
				ALWAYS_SEARCH_USER_PATHS = NO;
				CLANG_CXX_LANGUAGE_STANDARD = "gnu++0x";
				CLANG_CXX_LIBRARY = "libc++";
				CLANG_ENABLE_MODULES = YES;
				CLANG_ENABLE_OBJC_ARC = YES;
				CLANG_WARN_BOOL_CONVERSION = YES;
				CLANG_WARN_CONSTANT_CONVERSION = YES;
				CLANG_WARN_DIRECT_OBJC_ISA_USAGE = YES_ERROR;
				CLANG_WARN_EMPTY_BODY = YES;
				CLANG_WARN_ENUM_CONVERSION = YES;
				CLANG_WARN_INT_CONVERSION = YES;
				CLANG_WARN_OBJC_ROOT_CLASS = YES_ERROR;
				CLANG_WARN_UNREACHABLE_CODE = YES;
				CLANG_WARN__DUPLICATE_METHOD_MATCH = YES;
				"CODE_SIGN_IDENTITY[sdk=iphoneos*]" = "iPhone Developer";
				COPY_PHASE_STRIP = YES;
				ENABLE_NS_ASSERTIONS = NO;
				ENABLE_STRICT_OBJC_MSGSEND = YES;
				GCC_C_LANGUAGE_STANDARD = gnu99;
				GCC_WARN_64_TO_32_BIT_CONVERSION = YES;
				GCC_WARN_ABOUT_RETURN_TYPE = YES_ERROR;
				GCC_WARN_UNDECLARED_SELECTOR = YES;
				GCC_WARN_UNINITIALIZED_AUTOS = YES_AGGRESSIVE;
				GCC_WARN_UNUSED_FUNCTION = YES;
				GCC_WARN_UNUSED_VARIABLE = YES;
				IPHONEOS_DEPLOYMENT_TARGET = 8.1;
				MTL_ENABLE_DEBUG_INFO = NO;
				SDKROOT = iphoneos;
				VALIDATE_PRODUCT = YES;
			};
			name = Release;
		};
		40FEC19C1A5C7FBD003E042B /* Debug */ = {
			isa = XCBuildConfiguration;
			buildSettings = {
				ASSETCATALOG_COMPILER_APPICON_NAME = AppIcon;
				INFOPLIST_FILE = Tweetacular/Info.plist;
				LD_RUNPATH_SEARCH_PATHS = "$(inherited) @executable_path/Frameworks";
				PRODUCT_NAME = "$(TARGET_NAME)";
			};
			name = Debug;
		};
		40FEC19D1A5C7FBD003E042B /* Release */ = {
			isa = XCBuildConfiguration;
			buildSettings = {
				ASSETCATALOG_COMPILER_APPICON_NAME = AppIcon;
				INFOPLIST_FILE = Tweetacular/Info.plist;
				LD_RUNPATH_SEARCH_PATHS = "$(inherited) @executable_path/Frameworks";
				PRODUCT_NAME = "$(TARGET_NAME)";
			};
			name = Release;
		};
		40FEC19F1A5C7FBD003E042B /* Debug */ = {
			isa = XCBuildConfiguration;
			buildSettings = {
				BUNDLE_LOADER = "$(TEST_HOST)";
				FRAMEWORK_SEARCH_PATHS = (
					"$(SDKROOT)/Developer/Library/Frameworks",
					"$(inherited)",
				);
				GCC_PREPROCESSOR_DEFINITIONS = (
					"DEBUG=1",
					"$(inherited)",
				);
				INFOPLIST_FILE = TweetacularTests/Info.plist;
				LD_RUNPATH_SEARCH_PATHS = "$(inherited) @executable_path/Frameworks @loader_path/Frameworks";
				PRODUCT_NAME = "$(TARGET_NAME)";
				TEST_HOST = "$(BUILT_PRODUCTS_DIR)/Tweetacular.app/Tweetacular";
			};
			name = Debug;
		};
		40FEC1A01A5C7FBD003E042B /* Release */ = {
			isa = XCBuildConfiguration;
			buildSettings = {
				BUNDLE_LOADER = "$(TEST_HOST)";
				FRAMEWORK_SEARCH_PATHS = (
					"$(SDKROOT)/Developer/Library/Frameworks",
					"$(inherited)",
				);
				INFOPLIST_FILE = TweetacularTests/Info.plist;
				LD_RUNPATH_SEARCH_PATHS = "$(inherited) @executable_path/Frameworks @loader_path/Frameworks";
				PRODUCT_NAME = "$(TARGET_NAME)";
				TEST_HOST = "$(BUILT_PRODUCTS_DIR)/Tweetacular.app/Tweetacular";
			};
			name = Release;
		};
/* End XCBuildConfiguration section */

/* Begin XCConfigurationList section */
		40FEC1771A5C7FBD003E042B /* Build configuration list for PBXProject "Tweetacular" */ = {
			isa = XCConfigurationList;
			buildConfigurations = (
				40FEC1991A5C7FBD003E042B /* Debug */,
				40FEC19A1A5C7FBD003E042B /* Release */,
			);
			defaultConfigurationIsVisible = 0;
			defaultConfigurationName = Release;
		};
		40FEC19B1A5C7FBD003E042B /* Build configuration list for PBXNativeTarget "Tweetacular" */ = {
			isa = XCConfigurationList;
			buildConfigurations = (
				40FEC19C1A5C7FBD003E042B /* Debug */,
				40FEC19D1A5C7FBD003E042B /* Release */,
			);
			defaultConfigurationIsVisible = 0;
			defaultConfigurationName = Release;
		};
		40FEC19E1A5C7FBD003E042B /* Build configuration list for PBXNativeTarget "TweetacularTests" */ = {
			isa = XCConfigurationList;
			buildConfigurations = (
				40FEC19F1A5C7FBD003E042B /* Debug */,
				40FEC1A01A5C7FBD003E042B /* Release */,
			);
			defaultConfigurationIsVisible = 0;
			defaultConfigurationName = Release;
		};
/* End XCConfigurationList section */
	};
	rootObject = 40FEC1741A5C7FBD003E042B /* Project object */;
}
